
Microsoft Visual Studio Solution File, Format Version 12.00
# Visual Studio 15
VisualStudioVersion = 15.0.27428.2011
MinimumVisualStudioVersion = 10.0.40219.1
Project("{FAE04EC0-301F-11D3-BF4B-00C04F79EFBC}") = "SnowCSharpTest", "SnowCSharpTest\SnowCSharpTest.csproj", "{0F6E4FA9-6D4F-44C2-8CC3-7781E6310C45}"
EndProject
Project("{FAE04EC0-301F-11D3-BF4B-00C04F79EFBC}") = "SnowCSharpTest.Tests", "SnowCSharpTest.Tests\SnowCSharpTest.Tests.csproj", "{427A08F2-9266-4858-A1DC-B95FAAA70BD7}"
EndProject
Global
	GlobalSection(SolutionConfigurationPlatforms) = preSolution
		Debug|Any CPU = Debug|Any CPU
		Release|Any CPU = Release|Any CPU
	EndGlobalSection
	GlobalSection(ProjectConfigurationPlatforms) = postSolution
		{0F6E4FA9-6D4F-44C2-8CC3-7781E6310C45}.Debug|Any CPU.ActiveCfg = Debug|Any CPU
		{0F6E4FA9-6D4F-44C2-8CC3-7781E6310C45}.Debug|Any CPU.Build.0 = Debug|Any CPU
		{0F6E4FA9-6D4F-44C2-8CC3-7781E6310C45}.Release|Any CPU.ActiveCfg = Release|Any CPU
		{0F6E4FA9-6D4F-44C2-8CC3-7781E6310C45}.Release|Any CPU.Build.0 = Release|Any CPU
		{427A08F2-9266-4858-A1DC-B95FAAA70BD7}.Debug|Any CPU.ActiveCfg = Debug|Any CPU
		{427A08F2-9266-4858-A1DC-B95FAAA70BD7}.Debug|Any CPU.Build.0 = Debug|Any CPU
		{427A08F2-9266-4858-A1DC-B95FAAA70BD7}.Release|Any CPU.ActiveCfg = Release|Any CPU
		{427A08F2-9266-4858-A1DC-B95FAAA70BD7}.Release|Any CPU.Build.0 = Release|Any CPU
	EndGlobalSection
	GlobalSection(SolutionProperties) = preSolution
		HideSolutionNode = FALSE
	EndGlobalSection
	GlobalSection(ExtensibilityGlobals) = postSolution
		SolutionGuid = {E383528C-AC8A-4B3C-B96D-301AE6B6F0A3}
	EndGlobalSection
EndGlobal
